
Microsoft Visual Studio Solution File, Format Version 12.00
# Visual Studio Version 16
VisualStudioVersion = 16.0.30907.101
MinimumVisualStudioVersion = 10.0.40219.1
Project("{9A19103F-16F7-4668-BE54-9A1E7A4F7556}") = "NRDCLRazor", "NRDCLRazor.csproj", "{E3E4CC96-A5BE-4948-9236-067F41439443}"
EndProject
Project("{9A19103F-16F7-4668-BE54-9A1E7A4F7556}") = "NRDCLRazor.Models", "..\NRDCLRazor.Models\NRDCLRazor.Models.csproj", "{CF1076F6-6EF1-4AB3-920B-417FE20A51DE}"
EndProject
Project("{9A19103F-16F7-4668-BE54-9A1E7A4F7556}") = "NRDCLRazor.Services", "..\NRDCLRazor.Services\NRDCLRazor.Services.csproj", "{C624D044-4C84-4FD6-A5F0-EBC85AF8ED0F}"
EndProject
Global
	GlobalSection(SolutionConfigurationPlatforms) = preSolution
		Debug|Any CPU = Debug|Any CPU
		Release|Any CPU = Release|Any CPU
	EndGlobalSection
	GlobalSection(ProjectConfigurationPlatforms) = postSolution
		{E3E4CC96-A5BE-4948-9236-067F41439443}.Debug|Any CPU.ActiveCfg = Debug|Any CPU
		{E3E4CC96-A5BE-4948-9236-067F41439443}.Debug|Any CPU.Build.0 = Debug|Any CPU
		{E3E4CC96-A5BE-4948-9236-067F41439443}.Release|Any CPU.ActiveCfg = Release|Any CPU
		{E3E4CC96-A5BE-4948-9236-067F41439443}.Release|Any CPU.Build.0 = Release|Any CPU
		{CF1076F6-6EF1-4AB3-920B-417FE20A51DE}.Debug|Any CPU.ActiveCfg = Debug|Any CPU
		{CF1076F6-6EF1-4AB3-920B-417FE20A51DE}.Debug|Any CPU.Build.0 = Debug|Any CPU
		{CF1076F6-6EF1-4AB3-920B-417FE20A51DE}.Release|Any CPU.ActiveCfg = Release|Any CPU
		{CF1076F6-6EF1-4AB3-920B-417FE20A51DE}.Release|Any CPU.Build.0 = Release|Any CPU
		{C624D044-4C84-4FD6-A5F0-EBC85AF8ED0F}.Debug|Any CPU.ActiveCfg = Debug|Any CPU
		{C624D044-4C84-4FD6-A5F0-EBC85AF8ED0F}.Debug|Any CPU.Build.0 = Debug|Any CPU
		{C624D044-4C84-4FD6-A5F0-EBC85AF8ED0F}.Release|Any CPU.ActiveCfg = Release|Any CPU
		{C624D044-4C84-4FD6-A5F0-EBC85AF8ED0F}.Release|Any CPU.Build.0 = Release|Any CPU
	EndGlobalSection
	GlobalSection(SolutionProperties) = preSolution
		HideSolutionNode = FALSE
	EndGlobalSection
	GlobalSection(ExtensibilityGlobals) = postSolution
		SolutionGuid = {F2066F80-A67E-423F-BA23-29434A17F482}
	EndGlobalSection
EndGlobal
